
Microsoft Visual Studio Solution File, Format Version 12.00
# Visual Studio Version 16
VisualStudioVersion = 16.0.31911.196
MinimumVisualStudioVersion = 10.0.40219.1
Project("{FAE04EC0-301F-11D3-BF4B-00C04F79EFBC}") = "Task2", "Task2\Task2.csproj", "{491EB746-EC95-4736-9D97-84557D185107}"
EndProject
Project("{FAE04EC0-301F-11D3-BF4B-00C04F79EFBC}") = "Task3", "Task3\Task3.csproj", "{AC431D16-4BA7-42A0-9480-1F7168D4445E}"
EndProject
Project("{FAE04EC0-301F-11D3-BF4B-00C04F79EFBC}") = "Task4", "Task4\Task4.csproj", "{3C2B9AE2-B115-4FEF-8F96-50D8B10323BB}"
EndProject
Project("{FAE04EC0-301F-11D3-BF4B-00C04F79EFBC}") = "Task6", "Task6\Task6.csproj", "{F4851F27-1E8E-4254-B81B-088393CBB5EE}"
EndProject
Global
	GlobalSection(SolutionConfigurationPlatforms) = preSolution
		Debug|Any CPU = Debug|Any CPU
		Release|Any CPU = Release|Any CPU
	EndGlobalSection
	GlobalSection(ProjectConfigurationPlatforms) = postSolution
		{491EB746-EC95-4736-9D97-84557D185107}.Debug|Any CPU.ActiveCfg = Debug|Any CPU
		{491EB746-EC95-4736-9D97-84557D185107}.Debug|Any CPU.Build.0 = Debug|Any CPU
		{491EB746-EC95-4736-9D97-84557D185107}.Release|Any CPU.ActiveCfg = Release|Any CPU
		{491EB746-EC95-4736-9D97-84557D185107}.Release|Any CPU.Build.0 = Release|Any CPU
		{AC431D16-4BA7-42A0-9480-1F7168D4445E}.Debug|Any CPU.ActiveCfg = Debug|Any CPU
		{AC431D16-4BA7-42A0-9480-1F7168D4445E}.Debug|Any CPU.Build.0 = Debug|Any CPU
		{AC431D16-4BA7-42A0-9480-1F7168D4445E}.Release|Any CPU.ActiveCfg = Release|Any CPU
		{AC431D16-4BA7-42A0-9480-1F7168D4445E}.Release|Any CPU.Build.0 = Release|Any CPU
		{3C2B9AE2-B115-4FEF-8F96-50D8B10323BB}.Debug|Any CPU.ActiveCfg = Debug|Any CPU
		{3C2B9AE2-B115-4FEF-8F96-50D8B10323BB}.Debug|Any CPU.Build.0 = Debug|Any CPU
		{3C2B9AE2-B115-4FEF-8F96-50D8B10323BB}.Release|Any CPU.ActiveCfg = Release|Any CPU
		{3C2B9AE2-B115-4FEF-8F96-50D8B10323BB}.Release|Any CPU.Build.0 = Release|Any CPU
		{F4851F27-1E8E-4254-B81B-088393CBB5EE}.Debug|Any CPU.ActiveCfg = Debug|Any CPU
		{F4851F27-1E8E-4254-B81B-088393CBB5EE}.Debug|Any CPU.Build.0 = Debug|Any CPU
		{F4851F27-1E8E-4254-B81B-088393CBB5EE}.Release|Any CPU.ActiveCfg = Release|Any CPU
		{F4851F27-1E8E-4254-B81B-088393CBB5EE}.Release|Any CPU.Build.0 = Release|Any CPU
	EndGlobalSection
	GlobalSection(SolutionProperties) = preSolution
		HideSolutionNode = FALSE
	EndGlobalSection
	GlobalSection(ExtensibilityGlobals) = postSolution
		SolutionGuid = {3B661C58-3C6C-4FE0-8C69-D082282CD46D}
	EndGlobalSection
EndGlobal
